// !$*UTF8*$!
{
	archiveVersion = 1;
	classes = {
	};
	objectVersion = 56;
	objects = {

/* Begin PBXBuildFile section */
		1E14AF632C0C51A30040CED2 /* FoodOrderingApplicationApp.swift in Sources */ = {isa = PBXBuildFile; fileRef = 1E14AF622C0C51A30040CED2 /* FoodOrderingApplicationApp.swift */; };
		1E14AF652C0C51A30040CED2 /* FoodAppTabView.swift in Sources */ = {isa = PBXBuildFile; fileRef = 1E14AF642C0C51A30040CED2 /* FoodAppTabView.swift */; };
		1E14AF672C0C51A60040CED2 /* Assets.xcassets in Resources */ = {isa = PBXBuildFile; fileRef = 1E14AF662C0C51A60040CED2 /* Assets.xcassets */; };
		1E14AF6A2C0C51A60040CED2 /* Preview Assets.xcassets in Resources */ = {isa = PBXBuildFile; fileRef = 1E14AF692C0C51A60040CED2 /* Preview Assets.xcassets */; };
		1E14AF742C0C51A60040CED2 /* FoodOrderingApplicationTests.swift in Sources */ = {isa = PBXBuildFile; fileRef = 1E14AF732C0C51A60040CED2 /* FoodOrderingApplicationTests.swift */; };
		1E14AF7E2C0C51A60040CED2 /* FoodOrderingApplicationUITests.swift in Sources */ = {isa = PBXBuildFile; fileRef = 1E14AF7D2C0C51A60040CED2 /* FoodOrderingApplicationUITests.swift */; };
		1E14AF802C0C51A60040CED2 /* FoodOrderingApplicationUITestsLaunchTests.swift in Sources */ = {isa = PBXBuildFile; fileRef = 1E14AF7F2C0C51A60040CED2 /* FoodOrderingApplicationUITestsLaunchTests.swift */; };
		1E14AF8D2C0C564E0040CED2 /* FoodListView.swift in Sources */ = {isa = PBXBuildFile; fileRef = 1E14AF8C2C0C564E0040CED2 /* FoodListView.swift */; };
		1E14AF8F2C0C56880040CED2 /* AccountView.swift in Sources */ = {isa = PBXBuildFile; fileRef = 1E14AF8E2C0C56880040CED2 /* AccountView.swift */; };
		1E14AF912C0C56AE0040CED2 /* OrderView.swift in Sources */ = {isa = PBXBuildFile; fileRef = 1E14AF902C0C56AE0040CED2 /* OrderView.swift */; };
		1E14AF932C0CE9C90040CED2 /* Foods.swift in Sources */ = {isa = PBXBuildFile; fileRef = 1E14AF922C0CE9C90040CED2 /* Foods.swift */; };
		1E14AF952C0E21F80040CED2 /* FoodLIstViewCell.swift in Sources */ = {isa = PBXBuildFile; fileRef = 1E14AF942C0E21F80040CED2 /* FoodLIstViewCell.swift */; };
		1E14AF972C0E2EE60040CED2 /* NetworkManager.swift in Sources */ = {isa = PBXBuildFile; fileRef = 1E14AF962C0E2EE60040CED2 /* NetworkManager.swift */; };
		1E14AF992C0E37D30040CED2 /* APError.swift in Sources */ = {isa = PBXBuildFile; fileRef = 1E14AF982C0E37D30040CED2 /* APError.swift */; };
		1E14AF9B2C0EBED80040CED2 /* FoodListViewModel.swift in Sources */ = {isa = PBXBuildFile; fileRef = 1E14AF9A2C0EBED80040CED2 /* FoodListViewModel.swift */; };
		1E14AF9E2C0F673D0040CED2 /* Alert.swift in Sources */ = {isa = PBXBuildFile; fileRef = 1E14AF9D2C0F673D0040CED2 /* Alert.swift */; };
		1E14AFA02C10C4EC0040CED2 /* LoadingView.swift in Sources */ = {isa = PBXBuildFile; fileRef = 1E14AF9F2C10C4EB0040CED2 /* LoadingView.swift */; };
		1E4057DA2C122DC500561156 /* RemoteImage.swift in Sources */ = {isa = PBXBuildFile; fileRef = 1E4057D92C122DC500561156 /* RemoteImage.swift */; };
		1E4057E42C1299EF00561156 /* FoodDetailView.swift in Sources */ = {isa = PBXBuildFile; fileRef = 1E4057E32C1299EF00561156 /* FoodDetailView.swift */; };

		B19034752C1964FB00963469 /* AccountViewModel.swift in Sources */ = {isa = PBXBuildFile; fileRef = B19034742C1964FB00963469 /* AccountViewModel.swift */; };
		B19034772C19697F00963469 /* String+ext.swift in Sources */ = {isa = PBXBuildFile; fileRef = B19034762C19697F00963469 /* String+ext.swift */; };
		B190347A2C19AB2100963469 /* User.swift in Sources */ = {isa = PBXBuildFile; fileRef = B19034792C19AB2100963469 /* User.swift */; };

/* End PBXBuildFile section */

/* Begin PBXContainerItemProxy section */
		1E14AF702C0C51A60040CED2 /* PBXContainerItemProxy */ = {
			isa = PBXContainerItemProxy;
			containerPortal = 1E14AF572C0C51A30040CED2 /* Project object */;
			proxyType = 1;
			remoteGlobalIDString = 1E14AF5E2C0C51A30040CED2;
			remoteInfo = FoodOrderingApplication;
		};
		1E14AF7A2C0C51A60040CED2 /* PBXContainerItemProxy */ = {
			isa = PBXContainerItemProxy;
			containerPortal = 1E14AF572C0C51A30040CED2 /* Project object */;
			proxyType = 1;
			remoteGlobalIDString = 1E14AF5E2C0C51A30040CED2;
			remoteInfo = FoodOrderingApplication;
		};
/* End PBXContainerItemProxy section */

/* Begin PBXFileReference section */
		1E14AF5F2C0C51A30040CED2 /* FoodOrderingApplication.app */ = {isa = PBXFileReference; explicitFileType = wrapper.application; includeInIndex = 0; path = FoodOrderingApplication.app; sourceTree = BUILT_PRODUCTS_DIR; };
		1E14AF622C0C51A30040CED2 /* FoodOrderingApplicationApp.swift */ = {isa = PBXFileReference; lastKnownFileType = sourcecode.swift; path = FoodOrderingApplicationApp.swift; sourceTree = "<group>"; };
		1E14AF642C0C51A30040CED2 /* FoodAppTabView.swift */ = {isa = PBXFileReference; lastKnownFileType = sourcecode.swift; path = FoodAppTabView.swift; sourceTree = "<group>"; };
		1E14AF662C0C51A60040CED2 /* Assets.xcassets */ = {isa = PBXFileReference; lastKnownFileType = folder.assetcatalog; path = Assets.xcassets; sourceTree = "<group>"; };
		1E14AF692C0C51A60040CED2 /* Preview Assets.xcassets */ = {isa = PBXFileReference; lastKnownFileType = folder.assetcatalog; path = "Preview Assets.xcassets"; sourceTree = "<group>"; };
		1E14AF6F2C0C51A60040CED2 /* FoodOrderingApplicationTests.xctest */ = {isa = PBXFileReference; explicitFileType = wrapper.cfbundle; includeInIndex = 0; path = FoodOrderingApplicationTests.xctest; sourceTree = BUILT_PRODUCTS_DIR; };
		1E14AF732C0C51A60040CED2 /* FoodOrderingApplicationTests.swift */ = {isa = PBXFileReference; lastKnownFileType = sourcecode.swift; path = FoodOrderingApplicationTests.swift; sourceTree = "<group>"; };
		1E14AF792C0C51A60040CED2 /* FoodOrderingApplicationUITests.xctest */ = {isa = PBXFileReference; explicitFileType = wrapper.cfbundle; includeInIndex = 0; path = FoodOrderingApplicationUITests.xctest; sourceTree = BUILT_PRODUCTS_DIR; };
		1E14AF7D2C0C51A60040CED2 /* FoodOrderingApplicationUITests.swift */ = {isa = PBXFileReference; lastKnownFileType = sourcecode.swift; path = FoodOrderingApplicationUITests.swift; sourceTree = "<group>"; };
		1E14AF7F2C0C51A60040CED2 /* FoodOrderingApplicationUITestsLaunchTests.swift */ = {isa = PBXFileReference; lastKnownFileType = sourcecode.swift; path = FoodOrderingApplicationUITestsLaunchTests.swift; sourceTree = "<group>"; };
		1E14AF8C2C0C564E0040CED2 /* FoodListView.swift */ = {isa = PBXFileReference; lastKnownFileType = sourcecode.swift; path = FoodListView.swift; sourceTree = "<group>"; };
		1E14AF8E2C0C56880040CED2 /* AccountView.swift */ = {isa = PBXFileReference; lastKnownFileType = sourcecode.swift; path = AccountView.swift; sourceTree = "<group>"; };
		1E14AF902C0C56AE0040CED2 /* OrderView.swift */ = {isa = PBXFileReference; lastKnownFileType = sourcecode.swift; path = OrderView.swift; sourceTree = "<group>"; };
		1E14AF922C0CE9C90040CED2 /* Foods.swift */ = {isa = PBXFileReference; lastKnownFileType = sourcecode.swift; path = Foods.swift; sourceTree = "<group>"; };
		1E14AF942C0E21F80040CED2 /* FoodLIstViewCell.swift */ = {isa = PBXFileReference; lastKnownFileType = sourcecode.swift; path = FoodLIstViewCell.swift; sourceTree = "<group>"; };
		1E14AF962C0E2EE60040CED2 /* NetworkManager.swift */ = {isa = PBXFileReference; lastKnownFileType = sourcecode.swift; path = NetworkManager.swift; sourceTree = "<group>"; };
		1E14AF982C0E37D30040CED2 /* APError.swift */ = {isa = PBXFileReference; lastKnownFileType = sourcecode.swift; path = APError.swift; sourceTree = "<group>"; };
		1E14AF9A2C0EBED80040CED2 /* FoodListViewModel.swift */ = {isa = PBXFileReference; lastKnownFileType = sourcecode.swift; path = FoodListViewModel.swift; sourceTree = "<group>"; };
		1E14AF9D2C0F673D0040CED2 /* Alert.swift */ = {isa = PBXFileReference; lastKnownFileType = sourcecode.swift; path = Alert.swift; sourceTree = "<group>"; };
		1E14AF9F2C10C4EB0040CED2 /* LoadingView.swift */ = {isa = PBXFileReference; lastKnownFileType = sourcecode.swift; path = LoadingView.swift; sourceTree = "<group>"; };
		1E4057D92C122DC500561156 /* RemoteImage.swift */ = {isa = PBXFileReference; lastKnownFileType = sourcecode.swift; path = RemoteImage.swift; sourceTree = "<group>"; };
		1E4057E32C1299EF00561156 /* FoodDetailView.swift */ = {isa = PBXFileReference; lastKnownFileType = sourcecode.swift; path = FoodDetailView.swift; sourceTree = "<group>"; };

		B19034742C1964FB00963469 /* AccountViewModel.swift */ = {isa = PBXFileReference; lastKnownFileType = sourcecode.swift; path = AccountViewModel.swift; sourceTree = "<group>"; };
		B19034762C19697F00963469 /* String+ext.swift */ = {isa = PBXFileReference; lastKnownFileType = sourcecode.swift; path = "String+ext.swift"; sourceTree = "<group>"; };
		B19034792C19AB2100963469 /* User.swift */ = {isa = PBXFileReference; lastKnownFileType = sourcecode.swift; path = User.swift; sourceTree = "<group>"; };

/* End PBXFileReference section */

/* Begin PBXFrameworksBuildPhase section */
		1E14AF5C2C0C51A30040CED2 /* Frameworks */ = {
			isa = PBXFrameworksBuildPhase;
			buildActionMask = 2147483647;
			files = (
			);
			runOnlyForDeploymentPostprocessing = 0;
		};
		1E14AF6C2C0C51A60040CED2 /* Frameworks */ = {
			isa = PBXFrameworksBuildPhase;
			buildActionMask = 2147483647;
			files = (
			);
			runOnlyForDeploymentPostprocessing = 0;
		};
		1E14AF762C0C51A60040CED2 /* Frameworks */ = {
			isa = PBXFrameworksBuildPhase;
			buildActionMask = 2147483647;
			files = (
			);
			runOnlyForDeploymentPostprocessing = 0;
		};
/* End PBXFrameworksBuildPhase section */

/* Begin PBXGroup section */
		1E14AF562C0C51A30040CED2 = {
			isa = PBXGroup;
			children = (
				1E14AF612C0C51A30040CED2 /* FoodOrderingApplication */,
				1E14AF722C0C51A60040CED2 /* FoodOrderingApplicationTests */,
				1E14AF7C2C0C51A60040CED2 /* FoodOrderingApplicationUITests */,
				1E14AF602C0C51A30040CED2 /* Products */,
			);
			sourceTree = "<group>";
		};
		1E14AF602C0C51A30040CED2 /* Products */ = {
			isa = PBXGroup;
			children = (
				1E14AF5F2C0C51A30040CED2 /* FoodOrderingApplication.app */,
				1E14AF6F2C0C51A60040CED2 /* FoodOrderingApplicationTests.xctest */,
				1E14AF792C0C51A60040CED2 /* FoodOrderingApplicationUITests.xctest */,
			);
			name = Products;
			sourceTree = "<group>";
		};
		1E14AF612C0C51A30040CED2 /* FoodOrderingApplication */ = {
			isa = PBXGroup;
			children = (
				1E14AF622C0C51A30040CED2 /* FoodOrderingApplicationApp.swift */,
				1E14AF642C0C51A30040CED2 /* FoodAppTabView.swift */,
				1E14AF662C0C51A60040CED2 /* Assets.xcassets */,
				1E14AF682C0C51A60040CED2 /* Preview Content */,
				B19034782C19973A00963469 /* Accounts */,
				1E14AF902C0C56AE0040CED2 /* OrderView.swift */,
				1E4057DE2C123D9100561156 /* Food */,
				1E4057DD2C123D4A00561156 /* Common */,

				1E4057E32C1299EF00561156 /* FoodDetailView.swift */,
				1E4057E52C193A1F00561156 /* AccountViewModel.swift */,

				B19034762C19697F00963469 /* String+ext.swift */,
				B19034792C19AB2100963469 /* User.swift */,

			);
			path = FoodOrderingApplication;
			sourceTree = "<group>";
		};
		1E14AF682C0C51A60040CED2 /* Preview Content */ = {
			isa = PBXGroup;
			children = (
				1E14AF692C0C51A60040CED2 /* Preview Assets.xcassets */,
			);
			path = "Preview Content";
			sourceTree = "<group>";
		};
		1E14AF722C0C51A60040CED2 /* FoodOrderingApplicationTests */ = {
			isa = PBXGroup;
			children = (
				1E14AF732C0C51A60040CED2 /* FoodOrderingApplicationTests.swift */,
			);
			path = FoodOrderingApplicationTests;
			sourceTree = "<group>";
		};
		1E14AF7C2C0C51A60040CED2 /* FoodOrderingApplicationUITests */ = {
			isa = PBXGroup;
			children = (
				1E14AF7D2C0C51A60040CED2 /* FoodOrderingApplicationUITests.swift */,
				1E14AF7F2C0C51A60040CED2 /* FoodOrderingApplicationUITestsLaunchTests.swift */,
			);
			path = FoodOrderingApplicationUITests;
			sourceTree = "<group>";
		};
		1E14AF9C2C0F628A0040CED2 /* FoodListView */ = {
			isa = PBXGroup;
			children = (
				1E4057E32C1299EF00561156 /* FoodDetailView.swift */,
				1E4057D92C122DC500561156 /* RemoteImage.swift */,
				1E14AF8C2C0C564E0040CED2 /* FoodListView.swift */,
				1E14AF942C0E21F80040CED2 /* FoodLIstViewCell.swift */,
			);
			path = FoodListView;
			sourceTree = "<group>";
		};
		1E4057DB2C1237E000561156 /* FoodModel */ = {
			isa = PBXGroup;
			children = (
				1E14AF922C0CE9C90040CED2 /* Foods.swift */,
			);
			path = FoodModel;
			sourceTree = "<group>";
		};
		1E4057DC2C1237FC00561156 /* FoodViewModel */ = {
			isa = PBXGroup;
			children = (
				1E14AF9A2C0EBED80040CED2 /* FoodListViewModel.swift */,
			);
			path = FoodViewModel;
			sourceTree = "<group>";
		};
		1E4057DD2C123D4A00561156 /* Common */ = {
			isa = PBXGroup;
			children = (
				1E14AF962C0E2EE60040CED2 /* NetworkManager.swift */,
				1E14AF982C0E37D30040CED2 /* APError.swift */,
				1E14AF9F2C10C4EB0040CED2 /* LoadingView.swift */,
				1E14AF9D2C0F673D0040CED2 /* Alert.swift */,
			);
			path = Common;
			sourceTree = "<group>";
		};
		1E4057DE2C123D9100561156 /* Food */ = {
			isa = PBXGroup;
			children = (
				1E4057DB2C1237E000561156 /* FoodModel */,
				1E14AF9C2C0F628A0040CED2 /* FoodListView */,
				1E4057DC2C1237FC00561156 /* FoodViewModel */,
			);
			path = Food;
			sourceTree = "<group>";
		};
		B19034782C19973A00963469 /* Accounts */ = {
			isa = PBXGroup;
			children = (
				B19034742C1964FB00963469 /* AccountViewModel.swift */,
				1E14AF8E2C0C56880040CED2 /* AccountView.swift */,
			);
			path = Accounts;
			sourceTree = "<group>";
		};
/* End PBXGroup section */

/* Begin PBXNativeTarget section */
		1E14AF5E2C0C51A30040CED2 /* FoodOrderingApplication */ = {
			isa = PBXNativeTarget;
			buildConfigurationList = 1E14AF832C0C51A60040CED2 /* Build configuration list for PBXNativeTarget "FoodOrderingApplication" */;
			buildPhases = (
				1E14AF5B2C0C51A30040CED2 /* Sources */,
				1E14AF5C2C0C51A30040CED2 /* Frameworks */,
				1E14AF5D2C0C51A30040CED2 /* Resources */,
			);
			buildRules = (
			);
			dependencies = (
			);
			name = FoodOrderingApplication;
			productName = FoodOrderingApplication;
			productReference = 1E14AF5F2C0C51A30040CED2 /* FoodOrderingApplication.app */;
			productType = "com.apple.product-type.application";
		};
		1E14AF6E2C0C51A60040CED2 /* FoodOrderingApplicationTests */ = {
			isa = PBXNativeTarget;
			buildConfigurationList = 1E14AF862C0C51A60040CED2 /* Build configuration list for PBXNativeTarget "FoodOrderingApplicationTests" */;
			buildPhases = (
				1E14AF6B2C0C51A60040CED2 /* Sources */,
				1E14AF6C2C0C51A60040CED2 /* Frameworks */,
				1E14AF6D2C0C51A60040CED2 /* Resources */,
			);
			buildRules = (
			);
			dependencies = (
				1E14AF712C0C51A60040CED2 /* PBXTargetDependency */,
			);
			name = FoodOrderingApplicationTests;
			productName = FoodOrderingApplicationTests;
			productReference = 1E14AF6F2C0C51A60040CED2 /* FoodOrderingApplicationTests.xctest */;
			productType = "com.apple.product-type.bundle.unit-test";
		};
		1E14AF782C0C51A60040CED2 /* FoodOrderingApplicationUITests */ = {
			isa = PBXNativeTarget;
			buildConfigurationList = 1E14AF892C0C51A60040CED2 /* Build configuration list for PBXNativeTarget "FoodOrderingApplicationUITests" */;
			buildPhases = (
				1E14AF752C0C51A60040CED2 /* Sources */,
				1E14AF762C0C51A60040CED2 /* Frameworks */,
				1E14AF772C0C51A60040CED2 /* Resources */,
			);
			buildRules = (
			);
			dependencies = (
				1E14AF7B2C0C51A60040CED2 /* PBXTargetDependency */,
			);
			name = FoodOrderingApplicationUITests;
			productName = FoodOrderingApplicationUITests;
			productReference = 1E14AF792C0C51A60040CED2 /* FoodOrderingApplicationUITests.xctest */;
			productType = "com.apple.product-type.bundle.ui-testing";
		};
/* End PBXNativeTarget section */

/* Begin PBXProject section */
		1E14AF572C0C51A30040CED2 /* Project object */ = {
			isa = PBXProject;
			attributes = {
				BuildIndependentTargetsInParallel = 1;
				LastSwiftUpdateCheck = 1540;
				LastUpgradeCheck = 1540;
				TargetAttributes = {
					1E14AF5E2C0C51A30040CED2 = {
						CreatedOnToolsVersion = 15.4;
					};
					1E14AF6E2C0C51A60040CED2 = {
						CreatedOnToolsVersion = 15.4;
						TestTargetID = 1E14AF5E2C0C51A30040CED2;
					};
					1E14AF782C0C51A60040CED2 = {
						CreatedOnToolsVersion = 15.4;
						TestTargetID = 1E14AF5E2C0C51A30040CED2;
					};
				};
			};
			buildConfigurationList = 1E14AF5A2C0C51A30040CED2 /* Build configuration list for PBXProject "FoodOrderingApplication" */;
			compatibilityVersion = "Xcode 14.0";
			developmentRegion = en;
			hasScannedForEncodings = 0;
			knownRegions = (
				en,
				Base,
			);
			mainGroup = 1E14AF562C0C51A30040CED2;
			productRefGroup = 1E14AF602C0C51A30040CED2 /* Products */;
			projectDirPath = "";
			projectRoot = "";
			targets = (
				1E14AF5E2C0C51A30040CED2 /* FoodOrderingApplication */,
				1E14AF6E2C0C51A60040CED2 /* FoodOrderingApplicationTests */,
				1E14AF782C0C51A60040CED2 /* FoodOrderingApplicationUITests */,
			);
		};
/* End PBXProject section */

/* Begin PBXResourcesBuildPhase section */
		1E14AF5D2C0C51A30040CED2 /* Resources */ = {
			isa = PBXResourcesBuildPhase;
			buildActionMask = 2147483647;
			files = (
				1E14AF6A2C0C51A60040CED2 /* Preview Assets.xcassets in Resources */,
				1E14AF672C0C51A60040CED2 /* Assets.xcassets in Resources */,
			);
			runOnlyForDeploymentPostprocessing = 0;
		};
		1E14AF6D2C0C51A60040CED2 /* Resources */ = {
			isa = PBXResourcesBuildPhase;
			buildActionMask = 2147483647;
			files = (
			);
			runOnlyForDeploymentPostprocessing = 0;
		};
		1E14AF772C0C51A60040CED2 /* Resources */ = {
			isa = PBXResourcesBuildPhase;
			buildActionMask = 2147483647;
			files = (
			);
			runOnlyForDeploymentPostprocessing = 0;
		};
/* End PBXResourcesBuildPhase section */

/* Begin PBXSourcesBuildPhase section */
		1E14AF5B2C0C51A30040CED2 /* Sources */ = {
			isa = PBXSourcesBuildPhase;
			buildActionMask = 2147483647;
			files = (
				1E14AF952C0E21F80040CED2 /* FoodLIstViewCell.swift in Sources */,

				B19034752C1964FB00963469 /* AccountViewModel.swift in Sources */,

				1E14AF992C0E37D30040CED2 /* APError.swift in Sources */,
				1E14AF9B2C0EBED80040CED2 /* FoodListViewModel.swift in Sources */,
				1E14AF8F2C0C56880040CED2 /* AccountView.swift in Sources */,
				1E14AF8D2C0C564E0040CED2 /* FoodListView.swift in Sources */,
				1E14AFA02C10C4EC0040CED2 /* LoadingView.swift in Sources */,
				B190347A2C19AB2100963469 /* User.swift in Sources */,
				1E4057DA2C122DC500561156 /* RemoteImage.swift in Sources */,
				1E14AF652C0C51A30040CED2 /* FoodAppTabView.swift in Sources */,
				1E14AF972C0E2EE60040CED2 /* NetworkManager.swift in Sources */,
				1E14AF932C0CE9C90040CED2 /* Foods.swift in Sources */,
				1E14AF9E2C0F673D0040CED2 /* Alert.swift in Sources */,
				1E4057E42C1299EF00561156 /* FoodDetailView.swift in Sources */,
				1E14AF632C0C51A30040CED2 /* FoodOrderingApplicationApp.swift in Sources */,
				B19034772C19697F00963469 /* String+ext.swift in Sources */,
				1E14AF912C0C56AE0040CED2 /* OrderView.swift in Sources */,
			);
			runOnlyForDeploymentPostprocessing = 0;
		};
		1E14AF6B2C0C51A60040CED2 /* Sources */ = {
			isa = PBXSourcesBuildPhase;
			buildActionMask = 2147483647;
			files = (
				1E14AF742C0C51A60040CED2 /* FoodOrderingApplicationTests.swift in Sources */,
			);
			runOnlyForDeploymentPostprocessing = 0;
		};
		1E14AF752C0C51A60040CED2 /* Sources */ = {
			isa = PBXSourcesBuildPhase;
			buildActionMask = 2147483647;
			files = (
				1E14AF7E2C0C51A60040CED2 /* FoodOrderingApplicationUITests.swift in Sources */,
				1E14AF802C0C51A60040CED2 /* FoodOrderingApplicationUITestsLaunchTests.swift in Sources */,
			);
			runOnlyForDeploymentPostprocessing = 0;
		};
/* End PBXSourcesBuildPhase section */

/* Begin PBXTargetDependency section */
		1E14AF712C0C51A60040CED2 /* PBXTargetDependency */ = {
			isa = PBXTargetDependency;
			target = 1E14AF5E2C0C51A30040CED2 /* FoodOrderingApplication */;
			targetProxy = 1E14AF702C0C51A60040CED2 /* PBXContainerItemProxy */;
		};
		1E14AF7B2C0C51A60040CED2 /* PBXTargetDependency */ = {
			isa = PBXTargetDependency;
			target = 1E14AF5E2C0C51A30040CED2 /* FoodOrderingApplication */;
			targetProxy = 1E14AF7A2C0C51A60040CED2 /* PBXContainerItemProxy */;
		};
/* End PBXTargetDependency section */

/* Begin XCBuildConfiguration section */
		1E14AF812C0C51A60040CED2 /* Debug */ = {
			isa = XCBuildConfiguration;
			buildSettings = {
				ALWAYS_SEARCH_USER_PATHS = NO;
				ASSETCATALOG_COMPILER_GENERATE_SWIFT_ASSET_SYMBOL_EXTENSIONS = YES;
				CLANG_ANALYZER_NONNULL = YES;
				CLANG_ANALYZER_NUMBER_OBJECT_CONVERSION = YES_AGGRESSIVE;
				CLANG_CXX_LANGUAGE_STANDARD = "gnu++20";
				CLANG_ENABLE_MODULES = YES;
				CLANG_ENABLE_OBJC_ARC = YES;
				CLANG_ENABLE_OBJC_WEAK = YES;
				CLANG_WARN_BLOCK_CAPTURE_AUTORELEASING = YES;
				CLANG_WARN_BOOL_CONVERSION = YES;
				CLANG_WARN_COMMA = YES;
				CLANG_WARN_CONSTANT_CONVERSION = YES;
				CLANG_WARN_DEPRECATED_OBJC_IMPLEMENTATIONS = YES;
				CLANG_WARN_DIRECT_OBJC_ISA_USAGE = YES_ERROR;
				CLANG_WARN_DOCUMENTATION_COMMENTS = YES;
				CLANG_WARN_EMPTY_BODY = YES;
				CLANG_WARN_ENUM_CONVERSION = YES;
				CLANG_WARN_INFINITE_RECURSION = YES;
				CLANG_WARN_INT_CONVERSION = YES;
				CLANG_WARN_NON_LITERAL_NULL_CONVERSION = YES;
				CLANG_WARN_OBJC_IMPLICIT_RETAIN_SELF = YES;
				CLANG_WARN_OBJC_LITERAL_CONVERSION = YES;
				CLANG_WARN_OBJC_ROOT_CLASS = YES_ERROR;
				CLANG_WARN_QUOTED_INCLUDE_IN_FRAMEWORK_HEADER = YES;
				CLANG_WARN_RANGE_LOOP_ANALYSIS = YES;
				CLANG_WARN_STRICT_PROTOTYPES = YES;
				CLANG_WARN_SUSPICIOUS_MOVE = YES;
				CLANG_WARN_UNGUARDED_AVAILABILITY = YES_AGGRESSIVE;
				CLANG_WARN_UNREACHABLE_CODE = YES;
				CLANG_WARN__DUPLICATE_METHOD_MATCH = YES;
				COPY_PHASE_STRIP = NO;
				DEBUG_INFORMATION_FORMAT = dwarf;
				ENABLE_STRICT_OBJC_MSGSEND = YES;
				ENABLE_TESTABILITY = YES;
				ENABLE_USER_SCRIPT_SANDBOXING = YES;
				GCC_C_LANGUAGE_STANDARD = gnu17;
				GCC_DYNAMIC_NO_PIC = NO;
				GCC_NO_COMMON_BLOCKS = YES;
				GCC_OPTIMIZATION_LEVEL = 0;
				GCC_PREPROCESSOR_DEFINITIONS = (
					"DEBUG=1",
					"$(inherited)",
				);
				GCC_WARN_64_TO_32_BIT_CONVERSION = YES;
				GCC_WARN_ABOUT_RETURN_TYPE = YES_ERROR;
				GCC_WARN_UNDECLARED_SELECTOR = YES;
				GCC_WARN_UNINITIALIZED_AUTOS = YES_AGGRESSIVE;
				GCC_WARN_UNUSED_FUNCTION = YES;
				GCC_WARN_UNUSED_VARIABLE = YES;
				IPHONEOS_DEPLOYMENT_TARGET = 17.5;
				LOCALIZATION_PREFERS_STRING_CATALOGS = YES;
				MTL_ENABLE_DEBUG_INFO = INCLUDE_SOURCE;
				MTL_FAST_MATH = YES;
				ONLY_ACTIVE_ARCH = YES;
				SDKROOT = iphoneos;
				SWIFT_ACTIVE_COMPILATION_CONDITIONS = "DEBUG $(inherited)";
				SWIFT_OPTIMIZATION_LEVEL = "-Onone";
			};
			name = Debug;
		};
		1E14AF822C0C51A60040CED2 /* Release */ = {
			isa = XCBuildConfiguration;
			buildSettings = {
				ALWAYS_SEARCH_USER_PATHS = NO;
				ASSETCATALOG_COMPILER_GENERATE_SWIFT_ASSET_SYMBOL_EXTENSIONS = YES;
				CLANG_ANALYZER_NONNULL = YES;
				CLANG_ANALYZER_NUMBER_OBJECT_CONVERSION = YES_AGGRESSIVE;
				CLANG_CXX_LANGUAGE_STANDARD = "gnu++20";
				CLANG_ENABLE_MODULES = YES;
				CLANG_ENABLE_OBJC_ARC = YES;
				CLANG_ENABLE_OBJC_WEAK = YES;
				CLANG_WARN_BLOCK_CAPTURE_AUTORELEASING = YES;
				CLANG_WARN_BOOL_CONVERSION = YES;
				CLANG_WARN_COMMA = YES;
				CLANG_WARN_CONSTANT_CONVERSION = YES;
				CLANG_WARN_DEPRECATED_OBJC_IMPLEMENTATIONS = YES;
				CLANG_WARN_DIRECT_OBJC_ISA_USAGE = YES_ERROR;
				CLANG_WARN_DOCUMENTATION_COMMENTS = YES;
				CLANG_WARN_EMPTY_BODY = YES;
				CLANG_WARN_ENUM_CONVERSION = YES;
				CLANG_WARN_INFINITE_RECURSION = YES;
				CLANG_WARN_INT_CONVERSION = YES;
				CLANG_WARN_NON_LITERAL_NULL_CONVERSION = YES;
				CLANG_WARN_OBJC_IMPLICIT_RETAIN_SELF = YES;
				CLANG_WARN_OBJC_LITERAL_CONVERSION = YES;
				CLANG_WARN_OBJC_ROOT_CLASS = YES_ERROR;
				CLANG_WARN_QUOTED_INCLUDE_IN_FRAMEWORK_HEADER = YES;
				CLANG_WARN_RANGE_LOOP_ANALYSIS = YES;
				CLANG_WARN_STRICT_PROTOTYPES = YES;
				CLANG_WARN_SUSPICIOUS_MOVE = YES;
				CLANG_WARN_UNGUARDED_AVAILABILITY = YES_AGGRESSIVE;
				CLANG_WARN_UNREACHABLE_CODE = YES;
				CLANG_WARN__DUPLICATE_METHOD_MATCH = YES;
				COPY_PHASE_STRIP = NO;
				DEBUG_INFORMATION_FORMAT = "dwarf-with-dsym";
				ENABLE_NS_ASSERTIONS = NO;
				ENABLE_STRICT_OBJC_MSGSEND = YES;
				ENABLE_USER_SCRIPT_SANDBOXING = YES;
				GCC_C_LANGUAGE_STANDARD = gnu17;
				GCC_NO_COMMON_BLOCKS = YES;
				GCC_WARN_64_TO_32_BIT_CONVERSION = YES;
				GCC_WARN_ABOUT_RETURN_TYPE = YES_ERROR;
				GCC_WARN_UNDECLARED_SELECTOR = YES;
				GCC_WARN_UNINITIALIZED_AUTOS = YES_AGGRESSIVE;
				GCC_WARN_UNUSED_FUNCTION = YES;
				GCC_WARN_UNUSED_VARIABLE = YES;
				IPHONEOS_DEPLOYMENT_TARGET = 17.5;
				LOCALIZATION_PREFERS_STRING_CATALOGS = YES;
				MTL_ENABLE_DEBUG_INFO = NO;
				MTL_FAST_MATH = YES;
				SDKROOT = iphoneos;
				SWIFT_COMPILATION_MODE = wholemodule;
				VALIDATE_PRODUCT = YES;
			};
			name = Release;
		};
		1E14AF842C0C51A60040CED2 /* Debug */ = {
			isa = XCBuildConfiguration;
			buildSettings = {
				ASSETCATALOG_COMPILER_APPICON_NAME = AppIcon;
				ASSETCATALOG_COMPILER_GLOBAL_ACCENT_COLOR_NAME = AccentColor;
				CODE_SIGN_STYLE = Automatic;
				CURRENT_PROJECT_VERSION = 1;
				DEVELOPMENT_ASSET_PATHS = "\"FoodOrderingApplication/Preview Content\"";
				DEVELOPMENT_TEAM = BLM4H4R54R;
				ENABLE_PREVIEWS = YES;
				GENERATE_INFOPLIST_FILE = YES;
				INFOPLIST_KEY_UIApplicationSceneManifest_Generation = YES;
				INFOPLIST_KEY_UIApplicationSupportsIndirectInputEvents = YES;
				INFOPLIST_KEY_UILaunchScreen_Generation = YES;
				INFOPLIST_KEY_UISupportedInterfaceOrientations_iPad = "UIInterfaceOrientationPortrait UIInterfaceOrientationPortraitUpsideDown UIInterfaceOrientationLandscapeLeft UIInterfaceOrientationLandscapeRight";
				INFOPLIST_KEY_UISupportedInterfaceOrientations_iPhone = "UIInterfaceOrientationPortrait UIInterfaceOrientationLandscapeLeft UIInterfaceOrientationLandscapeRight";
				IPHONEOS_DEPLOYMENT_TARGET = 16.0;
				LD_RUNPATH_SEARCH_PATHS = (
					"$(inherited)",
					"@executable_path/Frameworks",
				);
				MARKETING_VERSION = 1.0;
				PRODUCT_BUNDLE_IDENTIFIER = com.aman.personal.FoodOrderingApplication;
				PRODUCT_NAME = "$(TARGET_NAME)";
				SWIFT_EMIT_LOC_STRINGS = YES;
				SWIFT_VERSION = 5.0;
				TARGETED_DEVICE_FAMILY = "1,2";
			};
			name = Debug;
		};
		1E14AF852C0C51A60040CED2 /* Release */ = {
			isa = XCBuildConfiguration;
			buildSettings = {
				ASSETCATALOG_COMPILER_APPICON_NAME = AppIcon;
				ASSETCATALOG_COMPILER_GLOBAL_ACCENT_COLOR_NAME = AccentColor;
				CODE_SIGN_STYLE = Automatic;
				CURRENT_PROJECT_VERSION = 1;
				DEVELOPMENT_ASSET_PATHS = "\"FoodOrderingApplication/Preview Content\"";
				DEVELOPMENT_TEAM = BLM4H4R54R;
				ENABLE_PREVIEWS = YES;
				GENERATE_INFOPLIST_FILE = YES;
				INFOPLIST_KEY_UIApplicationSceneManifest_Generation = YES;
				INFOPLIST_KEY_UIApplicationSupportsIndirectInputEvents = YES;
				INFOPLIST_KEY_UILaunchScreen_Generation = YES;
				INFOPLIST_KEY_UISupportedInterfaceOrientations_iPad = "UIInterfaceOrientationPortrait UIInterfaceOrientationPortraitUpsideDown UIInterfaceOrientationLandscapeLeft UIInterfaceOrientationLandscapeRight";
				INFOPLIST_KEY_UISupportedInterfaceOrientations_iPhone = "UIInterfaceOrientationPortrait UIInterfaceOrientationLandscapeLeft UIInterfaceOrientationLandscapeRight";
				IPHONEOS_DEPLOYMENT_TARGET = 16.0;
				LD_RUNPATH_SEARCH_PATHS = (
					"$(inherited)",
					"@executable_path/Frameworks",
				);
				MARKETING_VERSION = 1.0;
				PRODUCT_BUNDLE_IDENTIFIER = com.aman.personal.FoodOrderingApplication;
				PRODUCT_NAME = "$(TARGET_NAME)";
				SWIFT_EMIT_LOC_STRINGS = YES;
				SWIFT_VERSION = 5.0;
				TARGETED_DEVICE_FAMILY = "1,2";
			};
			name = Release;
		};
		1E14AF872C0C51A60040CED2 /* Debug */ = {
			isa = XCBuildConfiguration;
			buildSettings = {
				ALWAYS_EMBED_SWIFT_STANDARD_LIBRARIES = YES;
				BUNDLE_LOADER = "$(TEST_HOST)";
				CODE_SIGN_STYLE = Automatic;
				CURRENT_PROJECT_VERSION = 1;
				DEVELOPMENT_TEAM = BLM4H4R54R;
				GENERATE_INFOPLIST_FILE = YES;
				IPHONEOS_DEPLOYMENT_TARGET = 17.5;
				MARKETING_VERSION = 1.0;
				PRODUCT_BUNDLE_IDENTIFIER = com.aman.personal.FoodOrderingApplicationTests;
				PRODUCT_NAME = "$(TARGET_NAME)";
				SWIFT_EMIT_LOC_STRINGS = NO;
				SWIFT_VERSION = 5.0;
				TARGETED_DEVICE_FAMILY = "1,2";
				TEST_HOST = "$(BUILT_PRODUCTS_DIR)/FoodOrderingApplication.app/$(BUNDLE_EXECUTABLE_FOLDER_PATH)/FoodOrderingApplication";
			};
			name = Debug;
		};
		1E14AF882C0C51A60040CED2 /* Release */ = {
			isa = XCBuildConfiguration;
			buildSettings = {
				ALWAYS_EMBED_SWIFT_STANDARD_LIBRARIES = YES;
				BUNDLE_LOADER = "$(TEST_HOST)";
				CODE_SIGN_STYLE = Automatic;
				CURRENT_PROJECT_VERSION = 1;
				DEVELOPMENT_TEAM = BLM4H4R54R;
				GENERATE_INFOPLIST_FILE = YES;
				IPHONEOS_DEPLOYMENT_TARGET = 17.5;
				MARKETING_VERSION = 1.0;
				PRODUCT_BUNDLE_IDENTIFIER = com.aman.personal.FoodOrderingApplicationTests;
				PRODUCT_NAME = "$(TARGET_NAME)";
				SWIFT_EMIT_LOC_STRINGS = NO;
				SWIFT_VERSION = 5.0;
				TARGETED_DEVICE_FAMILY = "1,2";
				TEST_HOST = "$(BUILT_PRODUCTS_DIR)/FoodOrderingApplication.app/$(BUNDLE_EXECUTABLE_FOLDER_PATH)/FoodOrderingApplication";
			};
			name = Release;
		};
		1E14AF8A2C0C51A60040CED2 /* Debug */ = {
			isa = XCBuildConfiguration;
			buildSettings = {
				ALWAYS_EMBED_SWIFT_STANDARD_LIBRARIES = YES;
				CODE_SIGN_STYLE = Automatic;
				CURRENT_PROJECT_VERSION = 1;
				DEVELOPMENT_TEAM = BLM4H4R54R;
				GENERATE_INFOPLIST_FILE = YES;
				MARKETING_VERSION = 1.0;
				PRODUCT_BUNDLE_IDENTIFIER = com.aman.personal.FoodOrderingApplicationUITests;
				PRODUCT_NAME = "$(TARGET_NAME)";
				SWIFT_EMIT_LOC_STRINGS = NO;
				SWIFT_VERSION = 5.0;
				TARGETED_DEVICE_FAMILY = "1,2";
				TEST_TARGET_NAME = FoodOrderingApplication;
			};
			name = Debug;
		};
		1E14AF8B2C0C51A60040CED2 /* Release */ = {
			isa = XCBuildConfiguration;
			buildSettings = {
				ALWAYS_EMBED_SWIFT_STANDARD_LIBRARIES = YES;
				CODE_SIGN_STYLE = Automatic;
				CURRENT_PROJECT_VERSION = 1;
				DEVELOPMENT_TEAM = BLM4H4R54R;
				GENERATE_INFOPLIST_FILE = YES;
				MARKETING_VERSION = 1.0;
				PRODUCT_BUNDLE_IDENTIFIER = com.aman.personal.FoodOrderingApplicationUITests;
				PRODUCT_NAME = "$(TARGET_NAME)";
				SWIFT_EMIT_LOC_STRINGS = NO;
				SWIFT_VERSION = 5.0;
				TARGETED_DEVICE_FAMILY = "1,2";
				TEST_TARGET_NAME = FoodOrderingApplication;
			};
			name = Release;
		};
/* End XCBuildConfiguration section */

/* Begin XCConfigurationList section */
		1E14AF5A2C0C51A30040CED2 /* Build configuration list for PBXProject "FoodOrderingApplication" */ = {
			isa = XCConfigurationList;
			buildConfigurations = (
				1E14AF812C0C51A60040CED2 /* Debug */,
				1E14AF822C0C51A60040CED2 /* Release */,
			);
			defaultConfigurationIsVisible = 0;
			defaultConfigurationName = Release;
		};
		1E14AF832C0C51A60040CED2 /* Build configuration list for PBXNativeTarget "FoodOrderingApplication" */ = {
			isa = XCConfigurationList;
			buildConfigurations = (
				1E14AF842C0C51A60040CED2 /* Debug */,
				1E14AF852C0C51A60040CED2 /* Release */,
			);
			defaultConfigurationIsVisible = 0;
			defaultConfigurationName = Release;
		};
		1E14AF862C0C51A60040CED2 /* Build configuration list for PBXNativeTarget "FoodOrderingApplicationTests" */ = {
			isa = XCConfigurationList;
			buildConfigurations = (
				1E14AF872C0C51A60040CED2 /* Debug */,
				1E14AF882C0C51A60040CED2 /* Release */,
			);
			defaultConfigurationIsVisible = 0;
			defaultConfigurationName = Release;
		};
		1E14AF892C0C51A60040CED2 /* Build configuration list for PBXNativeTarget "FoodOrderingApplicationUITests" */ = {
			isa = XCConfigurationList;
			buildConfigurations = (
				1E14AF8A2C0C51A60040CED2 /* Debug */,
				1E14AF8B2C0C51A60040CED2 /* Release */,
			);
			defaultConfigurationIsVisible = 0;
			defaultConfigurationName = Release;
		};
/* End XCConfigurationList section */
	};
	rootObject = 1E14AF572C0C51A30040CED2 /* Project object */;
}
