// !$*UTF8*$!
{
	archiveVersion = 1;
	classes = {
	};
	objectVersion = 56;
	objects = {

/* Begin PBXBuildFile section */
		1EA0F0862C48BF170011BC83 /* AppDelegate.swift in Sources */ = {isa = PBXBuildFile; fileRef = 1EA0F0852C48BF170011BC83 /* AppDelegate.swift */; };
		1EA0F0882C48BF170011BC83 /* SceneDelegate.swift in Sources */ = {isa = PBXBuildFile; fileRef = 1EA0F0872C48BF170011BC83 /* SceneDelegate.swift */; };
		1EA0F08A2C48BF170011BC83 /* ViewController.swift in Sources */ = {isa = PBXBuildFile; fileRef = 1EA0F0892C48BF170011BC83 /* ViewController.swift */; };
		1EA0F08D2C48BF170011BC83 /* Base in Resources */ = {isa = PBXBuildFile; fileRef = 1EA0F08C2C48BF170011BC83 /* Base */; };
		1EA0F08F2C48BF190011BC83 /* Assets.xcassets in Resources */ = {isa = PBXBuildFile; fileRef = 1EA0F08E2C48BF190011BC83 /* Assets.xcassets */; };
		1EA0F0922C48BF190011BC83 /* Base in Resources */ = {isa = PBXBuildFile; fileRef = 1EA0F0912C48BF190011BC83 /* Base */; };
		1EA0F09D2C48BF1A0011BC83 /* CombingLearningTests.swift in Sources */ = {isa = PBXBuildFile; fileRef = 1EA0F09C2C48BF1A0011BC83 /* CombingLearningTests.swift */; };
		1EA0F0A72C48BF1A0011BC83 /* CombingLearningUITests.swift in Sources */ = {isa = PBXBuildFile; fileRef = 1EA0F0A62C48BF1A0011BC83 /* CombingLearningUITests.swift */; };
		1EA0F0A92C48BF1A0011BC83 /* CombingLearningUITestsLaunchTests.swift in Sources */ = {isa = PBXBuildFile; fileRef = 1EA0F0A82C48BF1A0011BC83 /* CombingLearningUITestsLaunchTests.swift */; };
		1EBEB9512C6D24150016833F /* secondViewController.swift in Sources */ = {isa = PBXBuildFile; fileRef = 1EBEB9502C6D24150016833F /* secondViewController.swift */; };
		1EBEB9532C6D24290016833F /* ThirdViewController.swift in Sources */ = {isa = PBXBuildFile; fileRef = 1EBEB9522C6D24290016833F /* ThirdViewController.swift */; };
/* End PBXBuildFile section */

/* Begin PBXContainerItemProxy section */
		1EA0F0992C48BF1A0011BC83 /* PBXContainerItemProxy */ = {
			isa = PBXContainerItemProxy;
			containerPortal = 1EA0F07A2C48BF160011BC83 /* Project object */;
			proxyType = 1;
			remoteGlobalIDString = 1EA0F0812C48BF170011BC83;
			remoteInfo = CombingLearning;
		};
		1EA0F0A32C48BF1A0011BC83 /* PBXContainerItemProxy */ = {
			isa = PBXContainerItemProxy;
			containerPortal = 1EA0F07A2C48BF160011BC83 /* Project object */;
			proxyType = 1;
			remoteGlobalIDString = 1EA0F0812C48BF170011BC83;
			remoteInfo = CombingLearning;
		};
/* End PBXContainerItemProxy section */

/* Begin PBXFileReference section */
		1EA0F0822C48BF170011BC83 /* CombingLearning.app */ = {isa = PBXFileReference; explicitFileType = wrapper.application; includeInIndex = 0; path = CombingLearning.app; sourceTree = BUILT_PRODUCTS_DIR; };
		1EA0F0852C48BF170011BC83 /* AppDelegate.swift */ = {isa = PBXFileReference; lastKnownFileType = sourcecode.swift; path = AppDelegate.swift; sourceTree = "<group>"; };
		1EA0F0872C48BF170011BC83 /* SceneDelegate.swift */ = {isa = PBXFileReference; lastKnownFileType = sourcecode.swift; path = SceneDelegate.swift; sourceTree = "<group>"; };
		1EA0F0892C48BF170011BC83 /* ViewController.swift */ = {isa = PBXFileReference; lastKnownFileType = sourcecode.swift; path = ViewController.swift; sourceTree = "<group>"; };
		1EA0F08C2C48BF170011BC83 /* Base */ = {isa = PBXFileReference; lastKnownFileType = file.storyboard; name = Base; path = Base.lproj/Main.storyboard; sourceTree = "<group>"; };
		1EA0F08E2C48BF190011BC83 /* Assets.xcassets */ = {isa = PBXFileReference; lastKnownFileType = folder.assetcatalog; path = Assets.xcassets; sourceTree = "<group>"; };
		1EA0F0912C48BF190011BC83 /* Base */ = {isa = PBXFileReference; lastKnownFileType = file.storyboard; name = Base; path = Base.lproj/LaunchScreen.storyboard; sourceTree = "<group>"; };
		1EA0F0932C48BF190011BC83 /* Info.plist */ = {isa = PBXFileReference; lastKnownFileType = text.plist.xml; path = Info.plist; sourceTree = "<group>"; };
		1EA0F0982C48BF1A0011BC83 /* CombingLearningTests.xctest */ = {isa = PBXFileReference; explicitFileType = wrapper.cfbundle; includeInIndex = 0; path = CombingLearningTests.xctest; sourceTree = BUILT_PRODUCTS_DIR; };
		1EA0F09C2C48BF1A0011BC83 /* CombingLearningTests.swift */ = {isa = PBXFileReference; lastKnownFileType = sourcecode.swift; path = CombingLearningTests.swift; sourceTree = "<group>"; };
		1EA0F0A22C48BF1A0011BC83 /* CombingLearningUITests.xctest */ = {isa = PBXFileReference; explicitFileType = wrapper.cfbundle; includeInIndex = 0; path = CombingLearningUITests.xctest; sourceTree = BUILT_PRODUCTS_DIR; };
		1EA0F0A62C48BF1A0011BC83 /* CombingLearningUITests.swift */ = {isa = PBXFileReference; lastKnownFileType = sourcecode.swift; path = CombingLearningUITests.swift; sourceTree = "<group>"; };
		1EA0F0A82C48BF1A0011BC83 /* CombingLearningUITestsLaunchTests.swift */ = {isa = PBXFileReference; lastKnownFileType = sourcecode.swift; path = CombingLearningUITestsLaunchTests.swift; sourceTree = "<group>"; };
		1EBEB9502C6D24150016833F /* secondViewController.swift */ = {isa = PBXFileReference; lastKnownFileType = sourcecode.swift; path = secondViewController.swift; sourceTree = "<group>"; };
		1EBEB9522C6D24290016833F /* ThirdViewController.swift */ = {isa = PBXFileReference; lastKnownFileType = sourcecode.swift; path = ThirdViewController.swift; sourceTree = "<group>"; };
/* End PBXFileReference section */

/* Begin PBXFrameworksBuildPhase section */
		1EA0F07F2C48BF170011BC83 /* Frameworks */ = {
			isa = PBXFrameworksBuildPhase;
			buildActionMask = 2147483647;
			files = (
			);
			runOnlyForDeploymentPostprocessing = 0;
		};
		1EA0F0952C48BF1A0011BC83 /* Frameworks */ = {
			isa = PBXFrameworksBuildPhase;
			buildActionMask = 2147483647;
			files = (
			);
			runOnlyForDeploymentPostprocessing = 0;
		};
		1EA0F09F2C48BF1A0011BC83 /* Frameworks */ = {
			isa = PBXFrameworksBuildPhase;
			buildActionMask = 2147483647;
			files = (
			);
			runOnlyForDeploymentPostprocessing = 0;
		};
/* End PBXFrameworksBuildPhase section */

/* Begin PBXGroup section */
		1EA0F0792C48BF160011BC83 = {
			isa = PBXGroup;
			children = (
				1EA0F0842C48BF170011BC83 /* CombingLearning */,
				1EA0F09B2C48BF1A0011BC83 /* CombingLearningTests */,
				1EA0F0A52C48BF1A0011BC83 /* CombingLearningUITests */,
				1EA0F0832C48BF170011BC83 /* Products */,
			);
			sourceTree = "<group>";
		};
		1EA0F0832C48BF170011BC83 /* Products */ = {
			isa = PBXGroup;
			children = (
				1EA0F0822C48BF170011BC83 /* CombingLearning.app */,
				1EA0F0982C48BF1A0011BC83 /* CombingLearningTests.xctest */,
				1EA0F0A22C48BF1A0011BC83 /* CombingLearningUITests.xctest */,
			);
			name = Products;
			sourceTree = "<group>";
		};
		1EA0F0842C48BF170011BC83 /* CombingLearning */ = {
			isa = PBXGroup;
			children = (
				1EA0F0852C48BF170011BC83 /* AppDelegate.swift */,
				1EA0F0872C48BF170011BC83 /* SceneDelegate.swift */,
				1EA0F0892C48BF170011BC83 /* ViewController.swift */,
				1EA0F08B2C48BF170011BC83 /* Main.storyboard */,
				1EA0F08E2C48BF190011BC83 /* Assets.xcassets */,
				1EA0F0902C48BF190011BC83 /* LaunchScreen.storyboard */,
				1EA0F0932C48BF190011BC83 /* Info.plist */,
				1EBEB9502C6D24150016833F /* secondViewController.swift */,
				1EBEB9522C6D24290016833F /* ThirdViewController.swift */,
			);
			path = CombingLearning;
			sourceTree = "<group>";
		};
		1EA0F09B2C48BF1A0011BC83 /* CombingLearningTests */ = {
			isa = PBXGroup;
			children = (
				1EA0F09C2C48BF1A0011BC83 /* CombingLearningTests.swift */,
			);
			path = CombingLearningTests;
			sourceTree = "<group>";
		};
		1EA0F0A52C48BF1A0011BC83 /* CombingLearningUITests */ = {
			isa = PBXGroup;
			children = (
				1EA0F0A62C48BF1A0011BC83 /* CombingLearningUITests.swift */,
				1EA0F0A82C48BF1A0011BC83 /* CombingLearningUITestsLaunchTests.swift */,
			);
			path = CombingLearningUITests;
			sourceTree = "<group>";
		};
/* End PBXGroup section */

/* Begin PBXNativeTarget section */
		1EA0F0812C48BF170011BC83 /* CombingLearning */ = {
			isa = PBXNativeTarget;
			buildConfigurationList = 1EA0F0AC2C48BF1A0011BC83 /* Build configuration list for PBXNativeTarget "CombingLearning" */;
			buildPhases = (
				1EA0F07E2C48BF170011BC83 /* Sources */,
				1EA0F07F2C48BF170011BC83 /* Frameworks */,
				1EA0F0802C48BF170011BC83 /* Resources */,
			);
			buildRules = (
			);
			dependencies = (
			);
			name = CombingLearning;
			productName = CombingLearning;
			productReference = 1EA0F0822C48BF170011BC83 /* CombingLearning.app */;
			productType = "com.apple.product-type.application";
		};
		1EA0F0972C48BF1A0011BC83 /* CombingLearningTests */ = {
			isa = PBXNativeTarget;
			buildConfigurationList = 1EA0F0AF2C48BF1A0011BC83 /* Build configuration list for PBXNativeTarget "CombingLearningTests" */;
			buildPhases = (
				1EA0F0942C48BF1A0011BC83 /* Sources */,
				1EA0F0952C48BF1A0011BC83 /* Frameworks */,
				1EA0F0962C48BF1A0011BC83 /* Resources */,
			);
			buildRules = (
			);
			dependencies = (
				1EA0F09A2C48BF1A0011BC83 /* PBXTargetDependency */,
			);
			name = CombingLearningTests;
			productName = CombingLearningTests;
			productReference = 1EA0F0982C48BF1A0011BC83 /* CombingLearningTests.xctest */;
			productType = "com.apple.product-type.bundle.unit-test";
		};
		1EA0F0A12C48BF1A0011BC83 /* CombingLearningUITests */ = {
			isa = PBXNativeTarget;
			buildConfigurationList = 1EA0F0B22C48BF1A0011BC83 /* Build configuration list for PBXNativeTarget "CombingLearningUITests" */;
			buildPhases = (
				1EA0F09E2C48BF1A0011BC83 /* Sources */,
				1EA0F09F2C48BF1A0011BC83 /* Frameworks */,
				1EA0F0A02C48BF1A0011BC83 /* Resources */,
			);
			buildRules = (
			);
			dependencies = (
				1EA0F0A42C48BF1A0011BC83 /* PBXTargetDependency */,
			);
			name = CombingLearningUITests;
			productName = CombingLearningUITests;
			productReference = 1EA0F0A22C48BF1A0011BC83 /* CombingLearningUITests.xctest */;
			productType = "com.apple.product-type.bundle.ui-testing";
		};
/* End PBXNativeTarget section */

/* Begin PBXProject section */
		1EA0F07A2C48BF160011BC83 /* Project object */ = {
			isa = PBXProject;
			attributes = {
				BuildIndependentTargetsInParallel = 1;
				LastSwiftUpdateCheck = 1540;
				LastUpgradeCheck = 1540;
				TargetAttributes = {
					1EA0F0812C48BF170011BC83 = {
						CreatedOnToolsVersion = 15.4;
					};
					1EA0F0972C48BF1A0011BC83 = {
						CreatedOnToolsVersion = 15.4;
						TestTargetID = 1EA0F0812C48BF170011BC83;
					};
					1EA0F0A12C48BF1A0011BC83 = {
						CreatedOnToolsVersion = 15.4;
						TestTargetID = 1EA0F0812C48BF170011BC83;
					};
				};
			};
			buildConfigurationList = 1EA0F07D2C48BF160011BC83 /* Build configuration list for PBXProject "CombingLearning" */;
			compatibilityVersion = "Xcode 14.0";
			developmentRegion = en;
			hasScannedForEncodings = 0;
			knownRegions = (
				en,
				Base,
			);
			mainGroup = 1EA0F0792C48BF160011BC83;
			productRefGroup = 1EA0F0832C48BF170011BC83 /* Products */;
			projectDirPath = "";
			projectRoot = "";
			targets = (
				1EA0F0812C48BF170011BC83 /* CombingLearning */,
				1EA0F0972C48BF1A0011BC83 /* CombingLearningTests */,
				1EA0F0A12C48BF1A0011BC83 /* CombingLearningUITests */,
			);
		};
/* End PBXProject section */

/* Begin PBXResourcesBuildPhase section */
		1EA0F0802C48BF170011BC83 /* Resources */ = {
			isa = PBXResourcesBuildPhase;
			buildActionMask = 2147483647;
			files = (
				1EA0F08F2C48BF190011BC83 /* Assets.xcassets in Resources */,
				1EA0F0922C48BF190011BC83 /* Base in Resources */,
				1EA0F08D2C48BF170011BC83 /* Base in Resources */,
			);
			runOnlyForDeploymentPostprocessing = 0;
		};
		1EA0F0962C48BF1A0011BC83 /* Resources */ = {
			isa = PBXResourcesBuildPhase;
			buildActionMask = 2147483647;
			files = (
			);
			runOnlyForDeploymentPostprocessing = 0;
		};
		1EA0F0A02C48BF1A0011BC83 /* Resources */ = {
			isa = PBXResourcesBuildPhase;
			buildActionMask = 2147483647;
			files = (
			);
			runOnlyForDeploymentPostprocessing = 0;
		};
/* End PBXResourcesBuildPhase section */

/* Begin PBXSourcesBuildPhase section */
		1EA0F07E2C48BF170011BC83 /* Sources */ = {
			isa = PBXSourcesBuildPhase;
			buildActionMask = 2147483647;
			files = (
				1EBEB9512C6D24150016833F /* secondViewController.swift in Sources */,
				1EA0F08A2C48BF170011BC83 /* ViewController.swift in Sources */,
				1EBEB9532C6D24290016833F /* ThirdViewController.swift in Sources */,
				1EA0F0862C48BF170011BC83 /* AppDelegate.swift in Sources */,
				1EA0F0882C48BF170011BC83 /* SceneDelegate.swift in Sources */,
			);
			runOnlyForDeploymentPostprocessing = 0;
		};
		1EA0F0942C48BF1A0011BC83 /* Sources */ = {
			isa = PBXSourcesBuildPhase;
			buildActionMask = 2147483647;
			files = (
				1EA0F09D2C48BF1A0011BC83 /* CombingLearningTests.swift in Sources */,
			);
			runOnlyForDeploymentPostprocessing = 0;
		};
		1EA0F09E2C48BF1A0011BC83 /* Sources */ = {
			isa = PBXSourcesBuildPhase;
			buildActionMask = 2147483647;
			files = (
				1EA0F0A92C48BF1A0011BC83 /* CombingLearningUITestsLaunchTests.swift in Sources */,
				1EA0F0A72C48BF1A0011BC83 /* CombingLearningUITests.swift in Sources */,
			);
			runOnlyForDeploymentPostprocessing = 0;
		};
/* End PBXSourcesBuildPhase section */

/* Begin PBXTargetDependency section */
		1EA0F09A2C48BF1A0011BC83 /* PBXTargetDependency */ = {
			isa = PBXTargetDependency;
			target = 1EA0F0812C48BF170011BC83 /* CombingLearning */;
			targetProxy = 1EA0F0992C48BF1A0011BC83 /* PBXContainerItemProxy */;
		};
		1EA0F0A42C48BF1A0011BC83 /* PBXTargetDependency */ = {
			isa = PBXTargetDependency;
			target = 1EA0F0812C48BF170011BC83 /* CombingLearning */;
			targetProxy = 1EA0F0A32C48BF1A0011BC83 /* PBXContainerItemProxy */;
		};
/* End PBXTargetDependency section */

/* Begin PBXVariantGroup section */
		1EA0F08B2C48BF170011BC83 /* Main.storyboard */ = {
			isa = PBXVariantGroup;
			children = (
				1EA0F08C2C48BF170011BC83 /* Base */,
			);
			name = Main.storyboard;
			sourceTree = "<group>";
		};
		1EA0F0902C48BF190011BC83 /* LaunchScreen.storyboard */ = {
			isa = PBXVariantGroup;
			children = (
				1EA0F0912C48BF190011BC83 /* Base */,
			);
			name = LaunchScreen.storyboard;
			sourceTree = "<group>";
		};
/* End PBXVariantGroup section */

/* Begin XCBuildConfiguration section */
		1EA0F0AA2C48BF1A0011BC83 /* Debug */ = {
			isa = XCBuildConfiguration;
			buildSettings = {
				ALWAYS_SEARCH_USER_PATHS = NO;
				ASSETCATALOG_COMPILER_GENERATE_SWIFT_ASSET_SYMBOL_EXTENSIONS = YES;
				CLANG_ANALYZER_NONNULL = YES;
				CLANG_ANALYZER_NUMBER_OBJECT_CONVERSION = YES_AGGRESSIVE;
				CLANG_CXX_LANGUAGE_STANDARD = "gnu++20";
				CLANG_ENABLE_MODULES = YES;
				CLANG_ENABLE_OBJC_ARC = YES;
				CLANG_ENABLE_OBJC_WEAK = YES;
				CLANG_WARN_BLOCK_CAPTURE_AUTORELEASING = YES;
				CLANG_WARN_BOOL_CONVERSION = YES;
				CLANG_WARN_COMMA = YES;
				CLANG_WARN_CONSTANT_CONVERSION = YES;
				CLANG_WARN_DEPRECATED_OBJC_IMPLEMENTATIONS = YES;
				CLANG_WARN_DIRECT_OBJC_ISA_USAGE = YES_ERROR;
				CLANG_WARN_DOCUMENTATION_COMMENTS = YES;
				CLANG_WARN_EMPTY_BODY = YES;
				CLANG_WARN_ENUM_CONVERSION = YES;
				CLANG_WARN_INFINITE_RECURSION = YES;
				CLANG_WARN_INT_CONVERSION = YES;
				CLANG_WARN_NON_LITERAL_NULL_CONVERSION = YES;
				CLANG_WARN_OBJC_IMPLICIT_RETAIN_SELF = YES;
				CLANG_WARN_OBJC_LITERAL_CONVERSION = YES;
				CLANG_WARN_OBJC_ROOT_CLASS = YES_ERROR;
				CLANG_WARN_QUOTED_INCLUDE_IN_FRAMEWORK_HEADER = YES;
				CLANG_WARN_RANGE_LOOP_ANALYSIS = YES;
				CLANG_WARN_STRICT_PROTOTYPES = YES;
				CLANG_WARN_SUSPICIOUS_MOVE = YES;
				CLANG_WARN_UNGUARDED_AVAILABILITY = YES_AGGRESSIVE;
				CLANG_WARN_UNREACHABLE_CODE = YES;
				CLANG_WARN__DUPLICATE_METHOD_MATCH = YES;
				COPY_PHASE_STRIP = NO;
				DEBUG_INFORMATION_FORMAT = dwarf;
				ENABLE_STRICT_OBJC_MSGSEND = YES;
				ENABLE_TESTABILITY = YES;
				ENABLE_USER_SCRIPT_SANDBOXING = YES;
				GCC_C_LANGUAGE_STANDARD = gnu17;
				GCC_DYNAMIC_NO_PIC = NO;
				GCC_NO_COMMON_BLOCKS = YES;
				GCC_OPTIMIZATION_LEVEL = 0;
				GCC_PREPROCESSOR_DEFINITIONS = (
					"DEBUG=1",
					"$(inherited)",
				);
				GCC_WARN_64_TO_32_BIT_CONVERSION = YES;
				GCC_WARN_ABOUT_RETURN_TYPE = YES_ERROR;
				GCC_WARN_UNDECLARED_SELECTOR = YES;
				GCC_WARN_UNINITIALIZED_AUTOS = YES_AGGRESSIVE;
				GCC_WARN_UNUSED_FUNCTION = YES;
				GCC_WARN_UNUSED_VARIABLE = YES;
				IPHONEOS_DEPLOYMENT_TARGET = 17.5;
				LOCALIZATION_PREFERS_STRING_CATALOGS = YES;
				MTL_ENABLE_DEBUG_INFO = INCLUDE_SOURCE;
				MTL_FAST_MATH = YES;
				ONLY_ACTIVE_ARCH = YES;
				SDKROOT = iphoneos;
				SWIFT_ACTIVE_COMPILATION_CONDITIONS = "DEBUG $(inherited)";
				SWIFT_OPTIMIZATION_LEVEL = "-Onone";
			};
			name = Debug;
		};
		1EA0F0AB2C48BF1A0011BC83 /* Release */ = {
			isa = XCBuildConfiguration;
			buildSettings = {
				ALWAYS_SEARCH_USER_PATHS = NO;
				ASSETCATALOG_COMPILER_GENERATE_SWIFT_ASSET_SYMBOL_EXTENSIONS = YES;
				CLANG_ANALYZER_NONNULL = YES;
				CLANG_ANALYZER_NUMBER_OBJECT_CONVERSION = YES_AGGRESSIVE;
				CLANG_CXX_LANGUAGE_STANDARD = "gnu++20";
				CLANG_ENABLE_MODULES = YES;
				CLANG_ENABLE_OBJC_ARC = YES;
				CLANG_ENABLE_OBJC_WEAK = YES;
				CLANG_WARN_BLOCK_CAPTURE_AUTORELEASING = YES;
				CLANG_WARN_BOOL_CONVERSION = YES;
				CLANG_WARN_COMMA = YES;
				CLANG_WARN_CONSTANT_CONVERSION = YES;
				CLANG_WARN_DEPRECATED_OBJC_IMPLEMENTATIONS = YES;
				CLANG_WARN_DIRECT_OBJC_ISA_USAGE = YES_ERROR;
				CLANG_WARN_DOCUMENTATION_COMMENTS = YES;
				CLANG_WARN_EMPTY_BODY = YES;
				CLANG_WARN_ENUM_CONVERSION = YES;
				CLANG_WARN_INFINITE_RECURSION = YES;
				CLANG_WARN_INT_CONVERSION = YES;
				CLANG_WARN_NON_LITERAL_NULL_CONVERSION = YES;
				CLANG_WARN_OBJC_IMPLICIT_RETAIN_SELF = YES;
				CLANG_WARN_OBJC_LITERAL_CONVERSION = YES;
				CLANG_WARN_OBJC_ROOT_CLASS = YES_ERROR;
				CLANG_WARN_QUOTED_INCLUDE_IN_FRAMEWORK_HEADER = YES;
				CLANG_WARN_RANGE_LOOP_ANALYSIS = YES;
				CLANG_WARN_STRICT_PROTOTYPES = YES;
				CLANG_WARN_SUSPICIOUS_MOVE = YES;
				CLANG_WARN_UNGUARDED_AVAILABILITY = YES_AGGRESSIVE;
				CLANG_WARN_UNREACHABLE_CODE = YES;
				CLANG_WARN__DUPLICATE_METHOD_MATCH = YES;
				COPY_PHASE_STRIP = NO;
				DEBUG_INFORMATION_FORMAT = "dwarf-with-dsym";
				ENABLE_NS_ASSERTIONS = NO;
				ENABLE_STRICT_OBJC_MSGSEND = YES;
				ENABLE_USER_SCRIPT_SANDBOXING = YES;
				GCC_C_LANGUAGE_STANDARD = gnu17;
				GCC_NO_COMMON_BLOCKS = YES;
				GCC_WARN_64_TO_32_BIT_CONVERSION = YES;
				GCC_WARN_ABOUT_RETURN_TYPE = YES_ERROR;
				GCC_WARN_UNDECLARED_SELECTOR = YES;
				GCC_WARN_UNINITIALIZED_AUTOS = YES_AGGRESSIVE;
				GCC_WARN_UNUSED_FUNCTION = YES;
				GCC_WARN_UNUSED_VARIABLE = YES;
				IPHONEOS_DEPLOYMENT_TARGET = 17.5;
				LOCALIZATION_PREFERS_STRING_CATALOGS = YES;
				MTL_ENABLE_DEBUG_INFO = NO;
				MTL_FAST_MATH = YES;
				SDKROOT = iphoneos;
				SWIFT_COMPILATION_MODE = wholemodule;
				VALIDATE_PRODUCT = YES;
			};
			name = Release;
		};
		1EA0F0AD2C48BF1A0011BC83 /* Debug */ = {
			isa = XCBuildConfiguration;
			buildSettings = {
				ASSETCATALOG_COMPILER_APPICON_NAME = AppIcon;
				ASSETCATALOG_COMPILER_GLOBAL_ACCENT_COLOR_NAME = AccentColor;
				CODE_SIGN_STYLE = Automatic;
				CURRENT_PROJECT_VERSION = 1;
				DEVELOPMENT_TEAM = BLM4H4R54R;
				GENERATE_INFOPLIST_FILE = YES;
				INFOPLIST_FILE = CombingLearning/Info.plist;
				INFOPLIST_KEY_UIApplicationSupportsIndirectInputEvents = YES;
				INFOPLIST_KEY_UILaunchStoryboardName = LaunchScreen;
				INFOPLIST_KEY_UIMainStoryboardFile = Main;
				INFOPLIST_KEY_UISupportedInterfaceOrientations_iPad = "UIInterfaceOrientationPortrait UIInterfaceOrientationPortraitUpsideDown UIInterfaceOrientationLandscapeLeft UIInterfaceOrientationLandscapeRight";
				INFOPLIST_KEY_UISupportedInterfaceOrientations_iPhone = "UIInterfaceOrientationPortrait UIInterfaceOrientationLandscapeLeft UIInterfaceOrientationLandscapeRight";
				LD_RUNPATH_SEARCH_PATHS = (
					"$(inherited)",
					"@executable_path/Frameworks",
				);
				MARKETING_VERSION = 1.0;
				PRODUCT_BUNDLE_IDENTIFIER = com.aman.personal.CombingLearning;
				PRODUCT_NAME = "$(TARGET_NAME)";
				SWIFT_EMIT_LOC_STRINGS = YES;
				SWIFT_VERSION = 5.0;
				TARGETED_DEVICE_FAMILY = "1,2";
			};
			name = Debug;
		};
		1EA0F0AE2C48BF1A0011BC83 /* Release */ = {
			isa = XCBuildConfiguration;
			buildSettings = {
				ASSETCATALOG_COMPILER_APPICON_NAME = AppIcon;
				ASSETCATALOG_COMPILER_GLOBAL_ACCENT_COLOR_NAME = AccentColor;
				CODE_SIGN_STYLE = Automatic;
				CURRENT_PROJECT_VERSION = 1;
				DEVELOPMENT_TEAM = BLM4H4R54R;
				GENERATE_INFOPLIST_FILE = YES;
				INFOPLIST_FILE = CombingLearning/Info.plist;
				INFOPLIST_KEY_UIApplicationSupportsIndirectInputEvents = YES;
				INFOPLIST_KEY_UILaunchStoryboardName = LaunchScreen;
				INFOPLIST_KEY_UIMainStoryboardFile = Main;
				INFOPLIST_KEY_UISupportedInterfaceOrientations_iPad = "UIInterfaceOrientationPortrait UIInterfaceOrientationPortraitUpsideDown UIInterfaceOrientationLandscapeLeft UIInterfaceOrientationLandscapeRight";
				INFOPLIST_KEY_UISupportedInterfaceOrientations_iPhone = "UIInterfaceOrientationPortrait UIInterfaceOrientationLandscapeLeft UIInterfaceOrientationLandscapeRight";
				LD_RUNPATH_SEARCH_PATHS = (
					"$(inherited)",
					"@executable_path/Frameworks",
				);
				MARKETING_VERSION = 1.0;
				PRODUCT_BUNDLE_IDENTIFIER = com.aman.personal.CombingLearning;
				PRODUCT_NAME = "$(TARGET_NAME)";
				SWIFT_EMIT_LOC_STRINGS = YES;
				SWIFT_VERSION = 5.0;
				TARGETED_DEVICE_FAMILY = "1,2";
			};
			name = Release;
		};
		1EA0F0B02C48BF1A0011BC83 /* Debug */ = {
			isa = XCBuildConfiguration;
			buildSettings = {
				ALWAYS_EMBED_SWIFT_STANDARD_LIBRARIES = YES;
				BUNDLE_LOADER = "$(TEST_HOST)";
				CODE_SIGN_STYLE = Automatic;
				CURRENT_PROJECT_VERSION = 1;
				DEVELOPMENT_TEAM = BLM4H4R54R;
				GENERATE_INFOPLIST_FILE = YES;
				IPHONEOS_DEPLOYMENT_TARGET = 17.5;
				MARKETING_VERSION = 1.0;
				PRODUCT_BUNDLE_IDENTIFIER = com.aman.personal.CombingLearningTests;
				PRODUCT_NAME = "$(TARGET_NAME)";
				SWIFT_EMIT_LOC_STRINGS = NO;
				SWIFT_VERSION = 5.0;
				TARGETED_DEVICE_FAMILY = "1,2";
				TEST_HOST = "$(BUILT_PRODUCTS_DIR)/CombingLearning.app/$(BUNDLE_EXECUTABLE_FOLDER_PATH)/CombingLearning";
			};
			name = Debug;
		};
		1EA0F0B12C48BF1A0011BC83 /* Release */ = {
			isa = XCBuildConfiguration;
			buildSettings = {
				ALWAYS_EMBED_SWIFT_STANDARD_LIBRARIES = YES;
				BUNDLE_LOADER = "$(TEST_HOST)";
				CODE_SIGN_STYLE = Automatic;
				CURRENT_PROJECT_VERSION = 1;
				DEVELOPMENT_TEAM = BLM4H4R54R;
				GENERATE_INFOPLIST_FILE = YES;
				IPHONEOS_DEPLOYMENT_TARGET = 17.5;
				MARKETING_VERSION = 1.0;
				PRODUCT_BUNDLE_IDENTIFIER = com.aman.personal.CombingLearningTests;
				PRODUCT_NAME = "$(TARGET_NAME)";
				SWIFT_EMIT_LOC_STRINGS = NO;
				SWIFT_VERSION = 5.0;
				TARGETED_DEVICE_FAMILY = "1,2";
				TEST_HOST = "$(BUILT_PRODUCTS_DIR)/CombingLearning.app/$(BUNDLE_EXECUTABLE_FOLDER_PATH)/CombingLearning";
			};
			name = Release;
		};
		1EA0F0B32C48BF1A0011BC83 /* Debug */ = {
			isa = XCBuildConfiguration;
			buildSettings = {
				ALWAYS_EMBED_SWIFT_STANDARD_LIBRARIES = YES;
				CODE_SIGN_STYLE = Automatic;
				CURRENT_PROJECT_VERSION = 1;
				DEVELOPMENT_TEAM = BLM4H4R54R;
				GENERATE_INFOPLIST_FILE = YES;
				MARKETING_VERSION = 1.0;
				PRODUCT_BUNDLE_IDENTIFIER = com.aman.personal.CombingLearningUITests;
				PRODUCT_NAME = "$(TARGET_NAME)";
				SWIFT_EMIT_LOC_STRINGS = NO;
				SWIFT_VERSION = 5.0;
				TARGETED_DEVICE_FAMILY = "1,2";
				TEST_TARGET_NAME = CombingLearning;
			};
			name = Debug;
		};
		1EA0F0B42C48BF1A0011BC83 /* Release */ = {
			isa = XCBuildConfiguration;
			buildSettings = {
				ALWAYS_EMBED_SWIFT_STANDARD_LIBRARIES = YES;
				CODE_SIGN_STYLE = Automatic;
				CURRENT_PROJECT_VERSION = 1;
				DEVELOPMENT_TEAM = BLM4H4R54R;
				GENERATE_INFOPLIST_FILE = YES;
				MARKETING_VERSION = 1.0;
				PRODUCT_BUNDLE_IDENTIFIER = com.aman.personal.CombingLearningUITests;
				PRODUCT_NAME = "$(TARGET_NAME)";
				SWIFT_EMIT_LOC_STRINGS = NO;
				SWIFT_VERSION = 5.0;
				TARGETED_DEVICE_FAMILY = "1,2";
				TEST_TARGET_NAME = CombingLearning;
			};
			name = Release;
		};
/* End XCBuildConfiguration section */

/* Begin XCConfigurationList section */
		1EA0F07D2C48BF160011BC83 /* Build configuration list for PBXProject "CombingLearning" */ = {
			isa = XCConfigurationList;
			buildConfigurations = (
				1EA0F0AA2C48BF1A0011BC83 /* Debug */,
				1EA0F0AB2C48BF1A0011BC83 /* Release */,
			);
			defaultConfigurationIsVisible = 0;
			defaultConfigurationName = Release;
		};
		1EA0F0AC2C48BF1A0011BC83 /* Build configuration list for PBXNativeTarget "CombingLearning" */ = {
			isa = XCConfigurationList;
			buildConfigurations = (
				1EA0F0AD2C48BF1A0011BC83 /* Debug */,
				1EA0F0AE2C48BF1A0011BC83 /* Release */,
			);
			defaultConfigurationIsVisible = 0;
			defaultConfigurationName = Release;
		};
		1EA0F0AF2C48BF1A0011BC83 /* Build configuration list for PBXNativeTarget "CombingLearningTests" */ = {
			isa = XCConfigurationList;
			buildConfigurations = (
				1EA0F0B02C48BF1A0011BC83 /* Debug */,
				1EA0F0B12C48BF1A0011BC83 /* Release */,
			);
			defaultConfigurationIsVisible = 0;
			defaultConfigurationName = Release;
		};
		1EA0F0B22C48BF1A0011BC83 /* Build configuration list for PBXNativeTarget "CombingLearningUITests" */ = {
			isa = XCConfigurationList;
			buildConfigurations = (
				1EA0F0B32C48BF1A0011BC83 /* Debug */,
				1EA0F0B42C48BF1A0011BC83 /* Release */,
			);
			defaultConfigurationIsVisible = 0;
			defaultConfigurationName = Release;
		};
/* End XCConfigurationList section */
	};
	rootObject = 1EA0F07A2C48BF160011BC83 /* Project object */;
}
